// !$*UTF8*$!
{
	archiveVersion = 1;
	classes = {
	};
	objectVersion = 46;
	objects = {

/* Begin PBXBuildFile section */
		60C4DA681EC882AA0062CDD5 /* AppDelegate.swift in Sources */ = {isa = PBXBuildFile; fileRef = 60C4DA671EC882AA0062CDD5 /* AppDelegate.swift */; };
		60C4DA6D1EC882AA0062CDD5 /* Main.storyboard in Resources */ = {isa = PBXBuildFile; fileRef = 60C4DA6B1EC882AA0062CDD5 /* Main.storyboard */; };
		60C4DA6F1EC882AA0062CDD5 /* Assets.xcassets in Resources */ = {isa = PBXBuildFile; fileRef = 60C4DA6E1EC882AA0062CDD5 /* Assets.xcassets */; };
		60C4DA721EC882AA0062CDD5 /* LaunchScreen.storyboard in Resources */ = {isa = PBXBuildFile; fileRef = 60C4DA701EC882AA0062CDD5 /* LaunchScreen.storyboard */; };
		60C4DA7E1EC883F00062CDD5 /* GoogleService-Info.plist in Resources */ = {isa = PBXBuildFile; fileRef = 60C4DA7D1EC883F00062CDD5 /* GoogleService-Info.plist */; };
		60F4FC9B1EC88C1500B2D19C /* LoginVC.swift in Sources */ = {isa = PBXBuildFile; fileRef = 60F4FC9A1EC88C1500B2D19C /* LoginVC.swift */; };
		60F4FC9D1EC891E700B2D19C /* ListBarangVC.swift in Sources */ = {isa = PBXBuildFile; fileRef = 60F4FC9C1EC891E700B2D19C /* ListBarangVC.swift */; };
		60F4FC9F1EC8929600B2D19C /* BarangData.swift in Sources */ = {isa = PBXBuildFile; fileRef = 60F4FC9E1EC8929600B2D19C /* BarangData.swift */; };
		60F4FCA11EC8949200B2D19C /* ListBarangCell.swift in Sources */ = {isa = PBXBuildFile; fileRef = 60F4FCA01EC8949200B2D19C /* ListBarangCell.swift */; };
		60F4FCA51EC89AC100B2D19C /* AddBarangVC.swift in Sources */ = {isa = PBXBuildFile; fileRef = 60F4FCA41EC89AC100B2D19C /* AddBarangVC.swift */; };
		6921288E3BF64A6F291873BD /* Pods_BinarTest.framework in Frameworks */ = {isa = PBXBuildFile; fileRef = A8F43071C825DF684C2B7CDC /* Pods_BinarTest.framework */; };
/* End PBXBuildFile section */

/* Begin PBXFileReference section */
		60C4DA641EC882AA0062CDD5 /* BinarTest.app */ = {isa = PBXFileReference; explicitFileType = wrapper.application; includeInIndex = 0; path = BinarTest.app; sourceTree = BUILT_PRODUCTS_DIR; };
		60C4DA671EC882AA0062CDD5 /* AppDelegate.swift */ = {isa = PBXFileReference; lastKnownFileType = sourcecode.swift; path = AppDelegate.swift; sourceTree = "<group>"; };
		60C4DA6C1EC882AA0062CDD5 /* Base */ = {isa = PBXFileReference; lastKnownFileType = file.storyboard; name = Base; path = Base.lproj/Main.storyboard; sourceTree = "<group>"; };
		60C4DA6E1EC882AA0062CDD5 /* Assets.xcassets */ = {isa = PBXFileReference; lastKnownFileType = folder.assetcatalog; path = Assets.xcassets; sourceTree = "<group>"; };
		60C4DA711EC882AA0062CDD5 /* Base */ = {isa = PBXFileReference; lastKnownFileType = file.storyboard; name = Base; path = Base.lproj/LaunchScreen.storyboard; sourceTree = "<group>"; };
		60C4DA731EC882AA0062CDD5 /* Info.plist */ = {isa = PBXFileReference; lastKnownFileType = text.plist.xml; path = Info.plist; sourceTree = "<group>"; };
		60C4DA7D1EC883F00062CDD5 /* GoogleService-Info.plist */ = {isa = PBXFileReference; fileEncoding = 4; lastKnownFileType = text.plist.xml; path = "GoogleService-Info.plist"; sourceTree = "<group>"; };
		60F4FC9A1EC88C1500B2D19C /* LoginVC.swift */ = {isa = PBXFileReference; fileEncoding = 4; lastKnownFileType = sourcecode.swift; path = LoginVC.swift; sourceTree = "<group>"; };
		60F4FC9C1EC891E700B2D19C /* ListBarangVC.swift */ = {isa = PBXFileReference; fileEncoding = 4; lastKnownFileType = sourcecode.swift; path = ListBarangVC.swift; sourceTree = "<group>"; };
		60F4FC9E1EC8929600B2D19C /* BarangData.swift */ = {isa = PBXFileReference; fileEncoding = 4; lastKnownFileType = sourcecode.swift; path = BarangData.swift; sourceTree = "<group>"; };
		60F4FCA01EC8949200B2D19C /* ListBarangCell.swift */ = {isa = PBXFileReference; fileEncoding = 4; lastKnownFileType = sourcecode.swift; path = ListBarangCell.swift; sourceTree = "<group>"; };
		60F4FCA41EC89AC100B2D19C /* AddBarangVC.swift */ = {isa = PBXFileReference; fileEncoding = 4; lastKnownFileType = sourcecode.swift; path = AddBarangVC.swift; sourceTree = "<group>"; };
		83A95A1ACB2A8E21C5364CE6 /* Pods-BinarTest.debug.xcconfig */ = {isa = PBXFileReference; includeInIndex = 1; lastKnownFileType = text.xcconfig; name = "Pods-BinarTest.debug.xcconfig"; path = "Pods/Target Support Files/Pods-BinarTest/Pods-BinarTest.debug.xcconfig"; sourceTree = "<group>"; };
		A8F43071C825DF684C2B7CDC /* Pods_BinarTest.framework */ = {isa = PBXFileReference; explicitFileType = wrapper.framework; includeInIndex = 0; path = Pods_BinarTest.framework; sourceTree = BUILT_PRODUCTS_DIR; };
		BFD3A736DCB685C68676D38B /* Pods-BinarTest.release.xcconfig */ = {isa = PBXFileReference; includeInIndex = 1; lastKnownFileType = text.xcconfig; name = "Pods-BinarTest.release.xcconfig"; path = "Pods/Target Support Files/Pods-BinarTest/Pods-BinarTest.release.xcconfig"; sourceTree = "<group>"; };
/* End PBXFileReference section */

/* Begin PBXFrameworksBuildPhase section */
		60C4DA611EC882AA0062CDD5 /* Frameworks */ = {
			isa = PBXFrameworksBuildPhase;
			buildActionMask = 2147483647;
			files = (
				6921288E3BF64A6F291873BD /* Pods_BinarTest.framework in Frameworks */,
			);
			runOnlyForDeploymentPostprocessing = 0;
		};
/* End PBXFrameworksBuildPhase section */

/* Begin PBXGroup section */
		493539C171A535333D6D6D47 /* Frameworks */ = {
			isa = PBXGroup;
			children = (
				A8F43071C825DF684C2B7CDC /* Pods_BinarTest.framework */,
			);
			name = Frameworks;
			sourceTree = "<group>";
		};
		60C4DA5B1EC882AA0062CDD5 = {
			isa = PBXGroup;
			children = (
				60C4DA661EC882AA0062CDD5 /* BinarTest */,
				60C4DA651EC882AA0062CDD5 /* Products */,
				69C1F86CD91D8C61D5181E22 /* Pods */,
				493539C171A535333D6D6D47 /* Frameworks */,
			);
			sourceTree = "<group>";
		};
		60C4DA651EC882AA0062CDD5 /* Products */ = {
			isa = PBXGroup;
			children = (
				60C4DA641EC882AA0062CDD5 /* BinarTest.app */,
			);
			name = Products;
			sourceTree = "<group>";
		};
		60C4DA661EC882AA0062CDD5 /* BinarTest */ = {
			isa = PBXGroup;
			children = (
				60C4DA7C1EC882D80062CDD5 /* Asset */,
				60C4DA791EC882BC0062CDD5 /* Model */,
				60C4DA7A1EC882C70062CDD5 /* View */,
				60C4DA7B1EC882CB0062CDD5 /* Controller */,
				60C4DA671EC882AA0062CDD5 /* AppDelegate.swift */,
				60C4DA731EC882AA0062CDD5 /* Info.plist */,
				60C4DA7D1EC883F00062CDD5 /* GoogleService-Info.plist */,
			);
			path = BinarTest;
			sourceTree = "<group>";
		};
		60C4DA791EC882BC0062CDD5 /* Model */ = {
			isa = PBXGroup;
			children = (
				60F4FC9E1EC8929600B2D19C /* BarangData.swift */,
			);
			name = Model;
			sourceTree = "<group>";
		};
		60C4DA7A1EC882C70062CDD5 /* View */ = {
			isa = PBXGroup;
			children = (
				60C4DA701EC882AA0062CDD5 /* LaunchScreen.storyboard */,
				60C4DA6B1EC882AA0062CDD5 /* Main.storyboard */,
				60F4FCA01EC8949200B2D19C /* ListBarangCell.swift */,
			);
			name = View;
			sourceTree = "<group>";
		};
		60C4DA7B1EC882CB0062CDD5 /* Controller */ = {
			isa = PBXGroup;
			children = (
				60F4FC9A1EC88C1500B2D19C /* LoginVC.swift */,
				60F4FC9C1EC891E700B2D19C /* ListBarangVC.swift */,
				60F4FCA41EC89AC100B2D19C /* AddBarangVC.swift */,
			);
			name = Controller;
			sourceTree = "<group>";
		};
		60C4DA7C1EC882D80062CDD5 /* Asset */ = {
			isa = PBXGroup;
			children = (
				60C4DA6E1EC882AA0062CDD5 /* Assets.xcassets */,
			);
			name = Asset;
			sourceTree = "<group>";
		};
		69C1F86CD91D8C61D5181E22 /* Pods */ = {
			isa = PBXGroup;
			children = (
				83A95A1ACB2A8E21C5364CE6 /* Pods-BinarTest.debug.xcconfig */,
				BFD3A736DCB685C68676D38B /* Pods-BinarTest.release.xcconfig */,
			);
			name = Pods;
			sourceTree = "<group>";
		};
/* End PBXGroup section */

/* Begin PBXNativeTarget section */
		60C4DA631EC882AA0062CDD5 /* BinarTest */ = {
			isa = PBXNativeTarget;
			buildConfigurationList = 60C4DA761EC882AA0062CDD5 /* Build configuration list for PBXNativeTarget "BinarTest" */;
			buildPhases = (
				709DAD6A9E8E1A465A3E12A5 /* [CP] Check Pods Manifest.lock */,
				60C4DA601EC882AA0062CDD5 /* Sources */,
				60C4DA611EC882AA0062CDD5 /* Frameworks */,
				60C4DA621EC882AA0062CDD5 /* Resources */,
				65B89A27724CDEC2A2ABE3F6 /* [CP] Embed Pods Frameworks */,
				66F8076701F6440C02336CFE /* [CP] Copy Pods Resources */,
			);
			buildRules = (
			);
			dependencies = (
			);
			name = BinarTest;
			productName = BinarTest;
			productReference = 60C4DA641EC882AA0062CDD5 /* BinarTest.app */;
			productType = "com.apple.product-type.application";
		};
/* End PBXNativeTarget section */

/* Begin PBXProject section */
		60C4DA5C1EC882AA0062CDD5 /* Project object */ = {
			isa = PBXProject;
			attributes = {
				LastSwiftUpdateCheck = 0830;
				LastUpgradeCheck = 0830;
				ORGANIZATIONNAME = tedihouse;
				TargetAttributes = {
					60C4DA631EC882AA0062CDD5 = {
						CreatedOnToolsVersion = 8.3.2;
						DevelopmentTeam = 7UJJ655T8G;
						ProvisioningStyle = Automatic;
					};
				};
			};
			buildConfigurationList = 60C4DA5F1EC882AA0062CDD5 /* Build configuration list for PBXProject "BinarTest" */;
			compatibilityVersion = "Xcode 3.2";
			developmentRegion = English;
			hasScannedForEncodings = 0;
			knownRegions = (
				en,
				Base,
			);
			mainGroup = 60C4DA5B1EC882AA0062CDD5;
			productRefGroup = 60C4DA651EC882AA0062CDD5 /* Products */;
			projectDirPath = "";
			projectRoot = "";
			targets = (
				60C4DA631EC882AA0062CDD5 /* BinarTest */,
			);
		};
/* End PBXProject section */

/* Begin PBXResourcesBuildPhase section */
		60C4DA621EC882AA0062CDD5 /* Resources */ = {
			isa = PBXResourcesBuildPhase;
			buildActionMask = 2147483647;
			files = (
				60C4DA721EC882AA0062CDD5 /* LaunchScreen.storyboard in Resources */,
				60C4DA6F1EC882AA0062CDD5 /* Assets.xcassets in Resources */,
				60C4DA7E1EC883F00062CDD5 /* GoogleService-Info.plist in Resources */,
				60C4DA6D1EC882AA0062CDD5 /* Main.storyboard in Resources */,
			);
			runOnlyForDeploymentPostprocessing = 0;
		};
/* End PBXResourcesBuildPhase section */

/* Begin PBXShellScriptBuildPhase section */
		65B89A27724CDEC2A2ABE3F6 /* [CP] Embed Pods Frameworks */ = {
			isa = PBXShellScriptBuildPhase;
			buildActionMask = 2147483647;
			files = (
			);
			inputPaths = (
			);
			name = "[CP] Embed Pods Frameworks";
			outputPaths = (
			);
			runOnlyForDeploymentPostprocessing = 0;
			shellPath = /bin/sh;
			shellScript = "\"${SRCROOT}/Pods/Target Support Files/Pods-BinarTest/Pods-BinarTest-frameworks.sh\"\n";
			showEnvVarsInLog = 0;
		};
		66F8076701F6440C02336CFE /* [CP] Copy Pods Resources */ = {
			isa = PBXShellScriptBuildPhase;
			buildActionMask = 2147483647;
			files = (
			);
			inputPaths = (
			);
			name = "[CP] Copy Pods Resources";
			outputPaths = (
			);
			runOnlyForDeploymentPostprocessing = 0;
			shellPath = /bin/sh;
			shellScript = "\"${SRCROOT}/Pods/Target Support Files/Pods-BinarTest/Pods-BinarTest-resources.sh\"\n";
			showEnvVarsInLog = 0;
		};
		709DAD6A9E8E1A465A3E12A5 /* [CP] Check Pods Manifest.lock */ = {
			isa = PBXShellScriptBuildPhase;
			buildActionMask = 2147483647;
			files = (
			);
			inputPaths = (
			);
			name = "[CP] Check Pods Manifest.lock";
			outputPaths = (
			);
			runOnlyForDeploymentPostprocessing = 0;
			shellPath = /bin/sh;
			shellScript = "diff \"${PODS_PODFILE_DIR_PATH}/Podfile.lock\" \"${PODS_ROOT}/Manifest.lock\" > /dev/null\nif [ $? != 0 ] ; then\n    # print error to STDERR\n    echo \"error: The sandbox is not in sync with the Podfile.lock. Run 'pod install' or update your CocoaPods installation.\" >&2\n    exit 1\nfi\n";
			showEnvVarsInLog = 0;
		};
/* End PBXShellScriptBuildPhase section */

/* Begin PBXSourcesBuildPhase section */
		60C4DA601EC882AA0062CDD5 /* Sources */ = {
			isa = PBXSourcesBuildPhase;
			buildActionMask = 2147483647;
			files = (
				60F4FCA11EC8949200B2D19C /* ListBarangCell.swift in Sources */,
				60F4FC9F1EC8929600B2D19C /* BarangData.swift in Sources */,
				60F4FC9B1EC88C1500B2D19C /* LoginVC.swift in Sources */,
				60F4FC9D1EC891E700B2D19C /* ListBarangVC.swift in Sources */,
				60C4DA681EC882AA0062CDD5 /* AppDelegate.swift in Sources */,
				60F4FCA51EC89AC100B2D19C /* AddBarangVC.swift in Sources */,
			);
			runOnlyForDeploymentPostprocessing = 0;
		};
/* End PBXSourcesBuildPhase section */

/* Begin PBXVariantGroup section */
		60C4DA6B1EC882AA0062CDD5 /* Main.storyboard */ = {
			isa = PBXVariantGroup;
			children = (
				60C4DA6C1EC882AA0062CDD5 /* Base */,
			);
			name = Main.storyboard;
			sourceTree = "<group>";
		};
		60C4DA701EC882AA0062CDD5 /* LaunchScreen.storyboard */ = {
			isa = PBXVariantGroup;
			children = (
				60C4DA711EC882AA0062CDD5 /* Base */,
			);
			name = LaunchScreen.storyboard;
			sourceTree = "<group>";
		};
/* End PBXVariantGroup section */

/* Begin XCBuildConfiguration section */
		60C4DA741EC882AA0062CDD5 /* Debug */ = {
			isa = XCBuildConfiguration;
			buildSettings = {
				ALWAYS_SEARCH_USER_PATHS = NO;
				CLANG_ANALYZER_NONNULL = YES;
				CLANG_ANALYZER_NUMBER_OBJECT_CONVERSION = YES_AGGRESSIVE;
				CLANG_CXX_LANGUAGE_STANDARD = "gnu++0x";
				CLANG_CXX_LIBRARY = "libc++";
				CLANG_ENABLE_MODULES = YES;
				CLANG_ENABLE_OBJC_ARC = YES;
				CLANG_WARN_BOOL_CONVERSION = YES;
				CLANG_WARN_CONSTANT_CONVERSION = YES;
				CLANG_WARN_DIRECT_OBJC_ISA_USAGE = YES_ERROR;
				CLANG_WARN_DOCUMENTATION_COMMENTS = YES;
				CLANG_WARN_EMPTY_BODY = YES;
				CLANG_WARN_ENUM_CONVERSION = YES;
				CLANG_WARN_INFINITE_RECURSION = YES;
				CLANG_WARN_INT_CONVERSION = YES;
				CLANG_WARN_OBJC_ROOT_CLASS = YES_ERROR;
				CLANG_WARN_SUSPICIOUS_MOVE = YES;
				CLANG_WARN_UNREACHABLE_CODE = YES;
				CLANG_WARN__DUPLICATE_METHOD_MATCH = YES;
				"CODE_SIGN_IDENTITY[sdk=iphoneos*]" = "iPhone Developer";
				COPY_PHASE_STRIP = NO;
				DEBUG_INFORMATION_FORMAT = dwarf;
				ENABLE_STRICT_OBJC_MSGSEND = YES;
				ENABLE_TESTABILITY = YES;
				GCC_C_LANGUAGE_STANDARD = gnu99;
				GCC_DYNAMIC_NO_PIC = NO;
				GCC_NO_COMMON_BLOCKS = YES;
				GCC_OPTIMIZATION_LEVEL = 0;
				GCC_PREPROCESSOR_DEFINITIONS = (
					"DEBUG=1",
					"$(inherited)",
				);
				GCC_WARN_64_TO_32_BIT_CONVERSION = YES;
				GCC_WARN_ABOUT_RETURN_TYPE = YES_ERROR;
				GCC_WARN_UNDECLARED_SELECTOR = YES;
				GCC_WARN_UNINITIALIZED_AUTOS = YES_AGGRESSIVE;
				GCC_WARN_UNUSED_FUNCTION = YES;
				GCC_WARN_UNUSED_VARIABLE = YES;
				IPHONEOS_DEPLOYMENT_TARGET = 10.3;
				MTL_ENABLE_DEBUG_INFO = YES;
				ONLY_ACTIVE_ARCH = YES;
				SDKROOT = iphoneos;
				SWIFT_ACTIVE_COMPILATION_CONDITIONS = DEBUG;
				SWIFT_OPTIMIZATION_LEVEL = "-Onone";
			};
			name = Debug;
		};
		60C4DA751EC882AA0062CDD5 /* Release */ = {
			isa = XCBuildConfiguration;
			buildSettings = {
				ALWAYS_SEARCH_USER_PATHS = NO;
				CLANG_ANALYZER_NONNULL = YES;
				CLANG_ANALYZER_NUMBER_OBJECT_CONVERSION = YES_AGGRESSIVE;
				CLANG_CXX_LANGUAGE_STANDARD = "gnu++0x";
				CLANG_CXX_LIBRARY = "libc++";
				CLANG_ENABLE_MODULES = YES;
				CLANG_ENABLE_OBJC_ARC = YES;
				CLANG_WARN_BOOL_CONVERSION = YES;
				CLANG_WARN_CONSTANT_CONVERSION = YES;
				CLANG_WARN_DIRECT_OBJC_ISA_USAGE = YES_ERROR;
				CLANG_WARN_DOCUMENTATION_COMMENTS = YES;
				CLANG_WARN_EMPTY_BODY = YES;
				CLANG_WARN_ENUM_CONVERSION = YES;
				CLANG_WARN_INFINITE_RECURSION = YES;
				CLANG_WARN_INT_CONVERSION = YES;
				CLANG_WARN_OBJC_ROOT_CLASS = YES_ERROR;
				CLANG_WARN_SUSPICIOUS_MOVE = YES;
				CLANG_WARN_UNREACHABLE_CODE = YES;
				CLANG_WARN__DUPLICATE_METHOD_MATCH = YES;
				"CODE_SIGN_IDENTITY[sdk=iphoneos*]" = "iPhone Developer";
				COPY_PHASE_STRIP = NO;
				DEBUG_INFORMATION_FORMAT = "dwarf-with-dsym";
				ENABLE_NS_ASSERTIONS = NO;
				ENABLE_STRICT_OBJC_MSGSEND = YES;
				GCC_C_LANGUAGE_STANDARD = gnu99;
				GCC_NO_COMMON_BLOCKS = YES;
				GCC_WARN_64_TO_32_BIT_CONVERSION = YES;
				GCC_WARN_ABOUT_RETURN_TYPE = YES_ERROR;
				GCC_WARN_UNDECLARED_SELECTOR = YES;
				GCC_WARN_UNINITIALIZED_AUTOS = YES_AGGRESSIVE;
				GCC_WARN_UNUSED_FUNCTION = YES;
				GCC_WARN_UNUSED_VARIABLE = YES;
				IPHONEOS_DEPLOYMENT_TARGET = 10.3;
				MTL_ENABLE_DEBUG_INFO = NO;
				SDKROOT = iphoneos;
				SWIFT_OPTIMIZATION_LEVEL = "-Owholemodule";
				VALIDATE_PRODUCT = YES;
			};
			name = Release;
		};
		60C4DA771EC882AA0062CDD5 /* Debug */ = {
			isa = XCBuildConfiguration;
			baseConfigurationReference = 83A95A1ACB2A8E21C5364CE6 /* Pods-BinarTest.debug.xcconfig */;
			buildSettings = {
				ASSETCATALOG_COMPILER_APPICON_NAME = AppIcon;
				DEVELOPMENT_TEAM = 7UJJ655T8G;
				INFOPLIST_FILE = BinarTest/Info.plist;
				LD_RUNPATH_SEARCH_PATHS = "$(inherited) @executable_path/Frameworks";
				PRODUCT_BUNDLE_IDENTIFIER = com.tedihouse.BinarTest;
				PRODUCT_NAME = "$(TARGET_NAME)";
				SWIFT_VERSION = 3.0;
			};
			name = Debug;
		};
		60C4DA781EC882AA0062CDD5 /* Release */ = {
			isa = XCBuildConfiguration;
			baseConfigurationReference = BFD3A736DCB685C68676D38B /* Pods-BinarTest.release.xcconfig */;
			buildSettings = {
				ASSETCATALOG_COMPILER_APPICON_NAME = AppIcon;
				DEVELOPMENT_TEAM = 7UJJ655T8G;
				INFOPLIST_FILE = BinarTest/Info.plist;
				LD_RUNPATH_SEARCH_PATHS = "$(inherited) @executable_path/Frameworks";
				PRODUCT_BUNDLE_IDENTIFIER = com.tedihouse.BinarTest;
				PRODUCT_NAME = "$(TARGET_NAME)";
				SWIFT_VERSION = 3.0;
			};
			name = Release;
		};
/* End XCBuildConfiguration section */

/* Begin XCConfigurationList section */
		60C4DA5F1EC882AA0062CDD5 /* Build configuration list for PBXProject "BinarTest" */ = {
			isa = XCConfigurationList;
			buildConfigurations = (
				60C4DA741EC882AA0062CDD5 /* Debug */,
				60C4DA751EC882AA0062CDD5 /* Release */,
			);
			defaultConfigurationIsVisible = 0;
			defaultConfigurationName = Release;
		};
		60C4DA761EC882AA0062CDD5 /* Build configuration list for PBXNativeTarget "BinarTest" */ = {
			isa = XCConfigurationList;
			buildConfigurations = (
				60C4DA771EC882AA0062CDD5 /* Debug */,
				60C4DA781EC882AA0062CDD5 /* Release */,
			);
			defaultConfigurationIsVisible = 0;
			defaultConfigurationName = Release;
		};
/* End XCConfigurationList section */
	};
	rootObject = 60C4DA5C1EC882AA0062CDD5 /* Project object */;
}
